# This file is autogenerated, do not edit; changes may be undone by the next 'dep ensure'.


[[projects]]
  digest = "1:850c49ca338a10fec2cb9e78f793043ed23965489d09e30bcc19fe29719da313"
  name = "github.com/go-sql-driver/mysql"
  packages = ["."]
  pruneopts = "UT"
  revision = "a0583e0143b1624142adab07e0e97fe106d99561"
  version = "v1.3.0"

[[projects]]
  branch = "master"
  digest = "1:afc0c9dda5017a52abd5140f2d17263ffdf8a419cb356e834147576e6e356021"
  name = "github.com/muidea/magicEngine"
  packages = ["."]
  pruneopts = "UT"
  revision = "7736a8ac43eda961d158a8b3cbe559f2bb7a30e1"

[solve-meta]
  analyzer-name = "dep"
  analyzer-version = 1
  input-imports = [
    "github.com/go-sql-driver/mysql",
    "github.com/muidea/magicEngine",
  ]
  solver-name = "gps-cdcl"
  solver-version = 1
